
Microsoft Visual Studio Solution File, Format Version 12.00
# Visual Studio Version 17
VisualStudioVersion = 17.8.34316.72
MinimumVisualStudioVersion = 10.0.40219.1
Project("{9A19103F-16F7-4668-BE54-9A1E7A4F7556}") = "ESC.AdministrationCore", "ESC.AdministrationCore\ESC.AdministrationCore.csproj", "{848C4EA3-2AA6-4B87-91B9-01CA9AF5C33F}"
EndProject
Project("{9A19103F-16F7-4668-BE54-9A1E7A4F7556}") = "ESC.AdministrationCore.Entities", "ESC.AdmiistrationCore.Entities\ESC.AdministrationCore.Entities.csproj", "{A901A453-4AA6-46D3-B797-4A5C7DB46C64}"
EndProject
Project("{9A19103F-16F7-4668-BE54-9A1E7A4F7556}") = "ESC.AdministrationCore.Infraestructure", "ESC.AdministrationCore.Infraestrucure\ESC.AdministrationCore.Infraestructure.csproj", "{AB83F8BF-176E-4AB8-9426-F040FCE84985}"
EndProject
Global
	GlobalSection(SolutionConfigurationPlatforms) = preSolution
		Debug|Any CPU = Debug|Any CPU
		Release|Any CPU = Release|Any CPU
	EndGlobalSection
	GlobalSection(ProjectConfigurationPlatforms) = postSolution
		{848C4EA3-2AA6-4B87-91B9-01CA9AF5C33F}.Debug|Any CPU.ActiveCfg = Debug|Any CPU
		{848C4EA3-2AA6-4B87-91B9-01CA9AF5C33F}.Debug|Any CPU.Build.0 = Debug|Any CPU
		{848C4EA3-2AA6-4B87-91B9-01CA9AF5C33F}.Release|Any CPU.ActiveCfg = Release|Any CPU
		{848C4EA3-2AA6-4B87-91B9-01CA9AF5C33F}.Release|Any CPU.Build.0 = Release|Any CPU
		{A901A453-4AA6-46D3-B797-4A5C7DB46C64}.Debug|Any CPU.ActiveCfg = Debug|Any CPU
		{A901A453-4AA6-46D3-B797-4A5C7DB46C64}.Debug|Any CPU.Build.0 = Debug|Any CPU
		{A901A453-4AA6-46D3-B797-4A5C7DB46C64}.Release|Any CPU.ActiveCfg = Release|Any CPU
		{A901A453-4AA6-46D3-B797-4A5C7DB46C64}.Release|Any CPU.Build.0 = Release|Any CPU
		{AB83F8BF-176E-4AB8-9426-F040FCE84985}.Debug|Any CPU.ActiveCfg = Debug|Any CPU
		{AB83F8BF-176E-4AB8-9426-F040FCE84985}.Debug|Any CPU.Build.0 = Debug|Any CPU
		{AB83F8BF-176E-4AB8-9426-F040FCE84985}.Release|Any CPU.ActiveCfg = Release|Any CPU
		{AB83F8BF-176E-4AB8-9426-F040FCE84985}.Release|Any CPU.Build.0 = Release|Any CPU
	EndGlobalSection
	GlobalSection(SolutionProperties) = preSolution
		HideSolutionNode = FALSE
	EndGlobalSection
	GlobalSection(ExtensibilityGlobals) = postSolution
		SolutionGuid = {5F23B5E7-A6B5-466F-9876-D26859294C1E}
	EndGlobalSection
EndGlobal
